
Microsoft Visual Studio Solution File, Format Version 12.00
# Visual Studio 15
VisualStudioVersion = 15.0.28307.1800
MinimumVisualStudioVersion = 10.0.40219.1
Project("{8BC9CEB8-8B4A-11D0-8D11-00A0C91BC942}") = "IntelliData", "IntelliData.vcxproj", "{B6B7B02F-D1F2-4B7F-9420-62F0E808BB28}"
EndProject
Project("{8BC9CEB8-8B4A-11D0-8D11-00A0C91BC942}") = "IntelliDataHandlers", "IntelliDataHandlers\IntelliDataHandlers.vcxproj", "{141ABCB3-4277-4D4E-923C-02EC3AE61A43}"
EndProject
Global
	GlobalSection(SolutionConfigurationPlatforms) = preSolution
		Debug|x64 = Debug|x64
		Debug|x86 = Debug|x86
		Release|x64 = Release|x64
		Release|x86 = Release|x86
	EndGlobalSection
	GlobalSection(ProjectConfigurationPlatforms) = postSolution
		{B6B7B02F-D1F2-4B7F-9420-62F0E808BB28}.Debug|x64.ActiveCfg = Debug|x64
		{B6B7B02F-D1F2-4B7F-9420-62F0E808BB28}.Debug|x64.Build.0 = Debug|x64
		{B6B7B02F-D1F2-4B7F-9420-62F0E808BB28}.Debug|x86.ActiveCfg = Debug|Win32
		{B6B7B02F-D1F2-4B7F-9420-62F0E808BB28}.Debug|x86.Build.0 = Debug|Win32
		{B6B7B02F-D1F2-4B7F-9420-62F0E808BB28}.Release|x64.ActiveCfg = Release|x64
		{B6B7B02F-D1F2-4B7F-9420-62F0E808BB28}.Release|x64.Build.0 = Release|x64
		{B6B7B02F-D1F2-4B7F-9420-62F0E808BB28}.Release|x86.ActiveCfg = Release|Win32
		{B6B7B02F-D1F2-4B7F-9420-62F0E808BB28}.Release|x86.Build.0 = Release|Win32
		{141ABCB3-4277-4D4E-923C-02EC3AE61A43}.Debug|x64.ActiveCfg = Debug|x64
		{141ABCB3-4277-4D4E-923C-02EC3AE61A43}.Debug|x64.Build.0 = Debug|x64
		{141ABCB3-4277-4D4E-923C-02EC3AE61A43}.Debug|x86.ActiveCfg = Debug|Win32
		{141ABCB3-4277-4D4E-923C-02EC3AE61A43}.Debug|x86.Build.0 = Debug|Win32
		{141ABCB3-4277-4D4E-923C-02EC3AE61A43}.Release|x64.ActiveCfg = Release|x64
		{141ABCB3-4277-4D4E-923C-02EC3AE61A43}.Release|x64.Build.0 = Release|x64
		{141ABCB3-4277-4D4E-923C-02EC3AE61A43}.Release|x86.ActiveCfg = Release|Win32
		{141ABCB3-4277-4D4E-923C-02EC3AE61A43}.Release|x86.Build.0 = Release|Win32
	EndGlobalSection
	GlobalSection(SolutionProperties) = preSolution
		HideSolutionNode = FALSE
	EndGlobalSection
	GlobalSection(ExtensibilityGlobals) = postSolution
		SolutionGuid = {CE4981BF-6BA8-46A5-AF0B-29ACE5E2A0D4}
	EndGlobalSection
EndGlobal
